
Microsoft Visual Studio Solution File, Format Version 12.00
# Visual Studio 14
VisualStudioVersion = 14.0.24720.0
MinimumVisualStudioVersion = 10.0.40219.1
Project("{2150E333-8FDC-42A3-9474-1A3956D46DE8}") = ".nuget", ".nuget", "{44621553-AA7D-4893-8834-79582A7D8348}"
EndProject
Project("{2150E333-8FDC-42A3-9474-1A3956D46DE8}") = "Solution Items", "Solution Items", "{7D749BDA-4638-4517-B66A-D40DEDEEB141}"
	ProjectSection(SolutionItems) = preProject
		global.json = global.json
		NuGet.config = NuGet.config
	EndProjectSection
EndProject
Project("{2150E333-8FDC-42A3-9474-1A3956D46DE8}") = "src", "src", "{B7B176B6-8D4D-4EF1-BBD2-DDA650C78FFF}"
EndProject
Project("{8BB2217D-0F2D-49D1-97BC-3654ED321F3B}") = "GrowingData.Utilities.DnxCore", "src\GrowingData.Utilities.DnxCore\GrowingData.Utilities.DnxCore.xproj", "{98C6240B-EDA2-4F76-9EA3-D3656FDEE43B}"
EndProject
Project("{8BB2217D-0F2D-49D1-97BC-3654ED321F3B}") = "GrowingData.Mung.Web", "src\GrowingData.Mung.Web\GrowingData.Mung.Web.xproj", "{B19E6C6F-1044-43A3-A948-2CC839C7A974}"
EndProject
Project("{2150E333-8FDC-42A3-9474-1A3956D46DE8}") = "templates", "templates", "{75736D09-62D8-40BC-A99D-CFD7069139B9}"
EndProject
Project("{8BB2217D-0F2D-49D1-97BC-3654ED321F3B}") = "Default", "templates\Default\Default.xproj", "{802A99EF-FADD-452B-BF49-92EF917BF8A5}"
EndProject
Project("{8BB2217D-0F2D-49D1-97BC-3654ED321F3B}") = "GrowingData.Mung.Core", "src\GrowingData.Mung.Core\GrowingData.Mung.Core.xproj", "{B6FBAA55-7DD3-4B39-A6C3-36DE336CEBBC}"
EndProject
Project("{8BB2217D-0F2D-49D1-97BC-3654ED321F3B}") = "GrowingData.Mung.Relationizer", "src\GrowingData.Mung.Relationizer\GrowingData.Mung.Relationizer.xproj", "{F21D9701-3345-4AF6-93A0-E54491F8E492}"
EndProject
Project("{FAE04EC0-301F-11D3-BF4B-00C04F79EFBC}") = "GrowingData.Mung.Client", "src\GrowingData.Mung.Client\GrowingData.Mung.Client.csproj", "{9AA5206E-3543-4254-B964-11D26599B2FB}"
EndProject
Project("{FAE04EC0-301F-11D3-BF4B-00C04F79EFBC}") = "GrowingData.Mung.ClientTest", "src\GrowingData.Mung.ClientTest\GrowingData.Mung.ClientTest.csproj", "{FA5EF280-E38F-49AF-9AA7-1E1CE93EBB38}"
EndProject
Project("{2150E333-8FDC-42A3-9474-1A3956D46DE8}") = "DotNet", "DotNet", "{E087FC66-1B98-4CA5-BB4F-B7C4F826D50A}"
EndProject
Project("{2150E333-8FDC-42A3-9474-1A3956D46DE8}") = "DNX Core", "DNX Core", "{F0CBC57D-F37B-421A-B9AB-81BD2C0EB73F}"
EndProject
Project("{8BB2217D-0F2D-49D1-97BC-3654ED321F3B}") = "GrowingData.Mung.SqlBatch", "src\GrowingData.Mung.SqlBatch\GrowingData.Mung.SqlBatch.xproj", "{10456865-F53F-47A1-AA4E-E0F6D7C13299}"
EndProject
Global
	GlobalSection(SolutionConfigurationPlatforms) = preSolution
		Debug|Any CPU = Debug|Any CPU
		Release|Any CPU = Release|Any CPU
	EndGlobalSection
	GlobalSection(ProjectConfigurationPlatforms) = postSolution
		{98C6240B-EDA2-4F76-9EA3-D3656FDEE43B}.Debug|Any CPU.ActiveCfg = Debug|Any CPU
		{98C6240B-EDA2-4F76-9EA3-D3656FDEE43B}.Debug|Any CPU.Build.0 = Debug|Any CPU
		{98C6240B-EDA2-4F76-9EA3-D3656FDEE43B}.Release|Any CPU.ActiveCfg = Release|Any CPU
		{98C6240B-EDA2-4F76-9EA3-D3656FDEE43B}.Release|Any CPU.Build.0 = Release|Any CPU
		{B19E6C6F-1044-43A3-A948-2CC839C7A974}.Debug|Any CPU.ActiveCfg = Debug|Any CPU
		{B19E6C6F-1044-43A3-A948-2CC839C7A974}.Debug|Any CPU.Build.0 = Debug|Any CPU
		{B19E6C6F-1044-43A3-A948-2CC839C7A974}.Release|Any CPU.ActiveCfg = Release|Any CPU
		{B19E6C6F-1044-43A3-A948-2CC839C7A974}.Release|Any CPU.Build.0 = Release|Any CPU
		{802A99EF-FADD-452B-BF49-92EF917BF8A5}.Debug|Any CPU.ActiveCfg = Debug|Any CPU
		{802A99EF-FADD-452B-BF49-92EF917BF8A5}.Debug|Any CPU.Build.0 = Debug|Any CPU
		{802A99EF-FADD-452B-BF49-92EF917BF8A5}.Release|Any CPU.ActiveCfg = Release|Any CPU
		{802A99EF-FADD-452B-BF49-92EF917BF8A5}.Release|Any CPU.Build.0 = Release|Any CPU
		{B6FBAA55-7DD3-4B39-A6C3-36DE336CEBBC}.Debug|Any CPU.ActiveCfg = Debug|Any CPU
		{B6FBAA55-7DD3-4B39-A6C3-36DE336CEBBC}.Debug|Any CPU.Build.0 = Debug|Any CPU
		{B6FBAA55-7DD3-4B39-A6C3-36DE336CEBBC}.Release|Any CPU.ActiveCfg = Release|Any CPU
		{B6FBAA55-7DD3-4B39-A6C3-36DE336CEBBC}.Release|Any CPU.Build.0 = Release|Any CPU
		{F21D9701-3345-4AF6-93A0-E54491F8E492}.Debug|Any CPU.ActiveCfg = Debug|Any CPU
		{F21D9701-3345-4AF6-93A0-E54491F8E492}.Debug|Any CPU.Build.0 = Debug|Any CPU
		{F21D9701-3345-4AF6-93A0-E54491F8E492}.Release|Any CPU.ActiveCfg = Release|Any CPU
		{F21D9701-3345-4AF6-93A0-E54491F8E492}.Release|Any CPU.Build.0 = Release|Any CPU
		{9AA5206E-3543-4254-B964-11D26599B2FB}.Debug|Any CPU.ActiveCfg = Debug|Any CPU
		{9AA5206E-3543-4254-B964-11D26599B2FB}.Debug|Any CPU.Build.0 = Debug|Any CPU
		{9AA5206E-3543-4254-B964-11D26599B2FB}.Release|Any CPU.ActiveCfg = Release|Any CPU
		{9AA5206E-3543-4254-B964-11D26599B2FB}.Release|Any CPU.Build.0 = Release|Any CPU
		{FA5EF280-E38F-49AF-9AA7-1E1CE93EBB38}.Debug|Any CPU.ActiveCfg = Debug|Any CPU
		{FA5EF280-E38F-49AF-9AA7-1E1CE93EBB38}.Debug|Any CPU.Build.0 = Debug|Any CPU
		{FA5EF280-E38F-49AF-9AA7-1E1CE93EBB38}.Release|Any CPU.ActiveCfg = Release|Any CPU
		{FA5EF280-E38F-49AF-9AA7-1E1CE93EBB38}.Release|Any CPU.Build.0 = Release|Any CPU
		{10456865-F53F-47A1-AA4E-E0F6D7C13299}.Debug|Any CPU.ActiveCfg = Debug|Any CPU
		{10456865-F53F-47A1-AA4E-E0F6D7C13299}.Debug|Any CPU.Build.0 = Debug|Any CPU
		{10456865-F53F-47A1-AA4E-E0F6D7C13299}.Release|Any CPU.ActiveCfg = Release|Any CPU
		{10456865-F53F-47A1-AA4E-E0F6D7C13299}.Release|Any CPU.Build.0 = Release|Any CPU
	EndGlobalSection
	GlobalSection(SolutionProperties) = preSolution
		HideSolutionNode = FALSE
	EndGlobalSection
	GlobalSection(NestedProjects) = preSolution
		{98C6240B-EDA2-4F76-9EA3-D3656FDEE43B} = {F0CBC57D-F37B-421A-B9AB-81BD2C0EB73F}
		{B19E6C6F-1044-43A3-A948-2CC839C7A974} = {F0CBC57D-F37B-421A-B9AB-81BD2C0EB73F}
		{802A99EF-FADD-452B-BF49-92EF917BF8A5} = {75736D09-62D8-40BC-A99D-CFD7069139B9}
		{B6FBAA55-7DD3-4B39-A6C3-36DE336CEBBC} = {F0CBC57D-F37B-421A-B9AB-81BD2C0EB73F}
		{F21D9701-3345-4AF6-93A0-E54491F8E492} = {F0CBC57D-F37B-421A-B9AB-81BD2C0EB73F}
		{9AA5206E-3543-4254-B964-11D26599B2FB} = {E087FC66-1B98-4CA5-BB4F-B7C4F826D50A}
		{FA5EF280-E38F-49AF-9AA7-1E1CE93EBB38} = {E087FC66-1B98-4CA5-BB4F-B7C4F826D50A}
		{E087FC66-1B98-4CA5-BB4F-B7C4F826D50A} = {B7B176B6-8D4D-4EF1-BBD2-DDA650C78FFF}
		{F0CBC57D-F37B-421A-B9AB-81BD2C0EB73F} = {B7B176B6-8D4D-4EF1-BBD2-DDA650C78FFF}
		{10456865-F53F-47A1-AA4E-E0F6D7C13299} = {F0CBC57D-F37B-421A-B9AB-81BD2C0EB73F}
	EndGlobalSection
EndGlobal
